
Microsoft Visual Studio Solution File, Format Version 12.00
# Visual Studio Version 17
VisualStudioVersion = 17.0.31903.59
MinimumVisualStudioVersion = 10.0.40219.1
Project("{2150E333-8FDC-42A3-9474-1A3956D46DE8}") = "Ejercicios_Diagnosticos", "Ejercicios_Diagnosticos", "{D9408661-EBE3-459F-A4A1-1CD6158DB73D}"
EndProject
Project("{2150E333-8FDC-42A3-9474-1A3956D46DE8}") = "Don Generico y el chance", "Don Generico y el chance", "{074DCA18-B8F3-4D79-A17E-91FB27C51761}"
EndProject
Project("{FAE04EC0-301F-11D3-BF4B-00C04F79EFBC}") = "Program", "Ejercicios_Diagnosticos\Don Generico y el chance\Program\Program.csproj", "{DFD99E78-63CB-4832-8CBE-4D5B1461DBB0}"
EndProject
Global
	GlobalSection(SolutionConfigurationPlatforms) = preSolution
		Debug|Any CPU = Debug|Any CPU
		Release|Any CPU = Release|Any CPU
	EndGlobalSection
	GlobalSection(SolutionProperties) = preSolution
		HideSolutionNode = FALSE
	EndGlobalSection
	GlobalSection(ProjectConfigurationPlatforms) = postSolution
		{DFD99E78-63CB-4832-8CBE-4D5B1461DBB0}.Debug|Any CPU.ActiveCfg = Debug|Any CPU
		{DFD99E78-63CB-4832-8CBE-4D5B1461DBB0}.Debug|Any CPU.Build.0 = Debug|Any CPU
		{DFD99E78-63CB-4832-8CBE-4D5B1461DBB0}.Release|Any CPU.ActiveCfg = Release|Any CPU
		{DFD99E78-63CB-4832-8CBE-4D5B1461DBB0}.Release|Any CPU.Build.0 = Release|Any CPU
	EndGlobalSection
	GlobalSection(NestedProjects) = preSolution
		{074DCA18-B8F3-4D79-A17E-91FB27C51761} = {D9408661-EBE3-459F-A4A1-1CD6158DB73D}
		{DFD99E78-63CB-4832-8CBE-4D5B1461DBB0} = {074DCA18-B8F3-4D79-A17E-91FB27C51761}
	EndGlobalSection
EndGlobal
